# THIS IS AN AUTOGENERATED FILE. DO NOT EDIT THIS FILE DIRECTLY.
# yarn lockfile v1


react-native-scroll-locky@^1.0.0:
  version "1.0.0"
  resolved "https://registry.yarnpkg.com/react-native-scroll-locky/-/react-native-scroll-locky-1.0.0.tgz#cdbd4f1083667419851523b03826700e8a77a377"
  integrity sha512-n3dA6TWDEYgG8sO6ehm3hpTaHAk8dwIGl/PbjE/9MXQRUFJjFxfPyz3C5Q5jQU506xGcfkW4alUCykwzaDF7Kg==
